
Microsoft Visual Studio Solution File, Format Version 11.00
# Visual C# Express 2010
Project("{FAE04EC0-301F-11D3-BF4B-00C04F79EFBC}") = "RonaldTheSnake", "RonaldTheSnake\RonaldTheSnake\RonaldTheSnake.csproj", "{31C4EFCB-9322-4E91-9596-9CECBFAB9B89}"
EndProject
Project("{96E2B04D-8817-42C6-938A-82C39BA4D311}") = "RonaldTheSnakeContent", "RonaldTheSnake\RonaldTheSnakeContent\RonaldTheSnakeContent.contentproj", "{E06F890B-D631-4E83-84B0-72EFF43914A2}"
EndProject
Global
	GlobalSection(SolutionConfigurationPlatforms) = preSolution
		Debug|x86 = Debug|x86
		Release|x86 = Release|x86
	EndGlobalSection
	GlobalSection(ProjectConfigurationPlatforms) = postSolution
		{31C4EFCB-9322-4E91-9596-9CECBFAB9B89}.Debug|x86.ActiveCfg = Debug|x86
		{31C4EFCB-9322-4E91-9596-9CECBFAB9B89}.Debug|x86.Build.0 = Debug|x86
		{31C4EFCB-9322-4E91-9596-9CECBFAB9B89}.Release|x86.ActiveCfg = Release|x86
		{31C4EFCB-9322-4E91-9596-9CECBFAB9B89}.Release|x86.Build.0 = Release|x86
		{E06F890B-D631-4E83-84B0-72EFF43914A2}.Debug|x86.ActiveCfg = Debug|x86
		{E06F890B-D631-4E83-84B0-72EFF43914A2}.Release|x86.ActiveCfg = Release|x86
	EndGlobalSection
	GlobalSection(SolutionProperties) = preSolution
		HideSolutionNode = FALSE
	EndGlobalSection
EndGlobal
